// !$*UTF8*$!
{
	archiveVersion = 1;
	classes = {
	};
	objectVersion = 46;
	objects = {

/* Begin PBXBuildFile section */
		5733F2BE15C5C8B1003E26AB /* Foundation.framework in Frameworks */ = {isa = PBXBuildFile; fileRef = 5733F2BD15C5C8B1003E26AB /* Foundation.framework */; };
		5733F2C115C5C8B1003E26AB /* main.m in Sources */ = {isa = PBXBuildFile; fileRef = 5733F2C015C5C8B1003E26AB /* main.m */; };
		5733F2C515C5C8B1003E26AB /* test_app.1 in CopyFiles */ = {isa = PBXBuildFile; fileRef = 5733F2C415C5C8B1003E26AB /* test_app.1 */; };
/* End PBXBuildFile section */

/* Begin PBXCopyFilesBuildPhase section */
		5733F2B715C5C8B0003E26AB /* CopyFiles */ = {
			isa = PBXCopyFilesBuildPhase;
			buildActionMask = 2147483647;
			dstPath = /usr/share/man/man1/;
			dstSubfolderSpec = 0;
			files = (
				5733F2C515C5C8B1003E26AB /* test_app.1 in CopyFiles */,
			);
			runOnlyForDeploymentPostprocessing = 1;
		};
/* End PBXCopyFilesBuildPhase section */

/* Begin PBXFileReference section */
		5733F2B915C5C8B1003E26AB /* test app */ = {isa = PBXFileReference; explicitFileType = "compiled.mach-o.executable"; includeInIndex = 0; path = "test app"; sourceTree = BUILT_PRODUCTS_DIR; };
		5733F2BD15C5C8B1003E26AB /* Foundation.framework */ = {isa = PBXFileReference; lastKnownFileType = wrapper.framework; name = Foundation.framework; path = System/Library/Frameworks/Foundation.framework; sourceTree = SDKROOT; };
		5733F2C015C5C8B1003E26AB /* main.m */ = {isa = PBXFileReference; lastKnownFileType = sourcecode.c.objc; path = main.m; sourceTree = "<group>"; };
		5733F2C315C5C8B1003E26AB /* test app-Prefix.pch */ = {isa = PBXFileReference; lastKnownFileType = sourcecode.c.h; path = "test app-Prefix.pch"; sourceTree = "<group>"; };
		5733F2C415C5C8B1003E26AB /* test_app.1 */ = {isa = PBXFileReference; lastKnownFileType = text.man; path = test_app.1; sourceTree = "<group>"; };
/* End PBXFileReference section */

/* Begin PBXFrameworksBuildPhase section */
		5733F2B615C5C8B0003E26AB /* Frameworks */ = {
			isa = PBXFrameworksBuildPhase;
			buildActionMask = 2147483647;
			files = (
				5733F2BE15C5C8B1003E26AB /* Foundation.framework in Frameworks */,
			);
			runOnlyForDeploymentPostprocessing = 0;
		};
/* End PBXFrameworksBuildPhase section */

/* Begin PBXGroup section */
		5733F2AE15C5C8B0003E26AB = {
			isa = PBXGroup;
			children = (
				5733F2BF15C5C8B1003E26AB /* test app */,
				5733F2BC15C5C8B1003E26AB /* Frameworks */,
				5733F2BA15C5C8B1003E26AB /* Products */,
			);
			sourceTree = "<group>";
		};
		5733F2BA15C5C8B1003E26AB /* Products */ = {
			isa = PBXGroup;
			children = (
				5733F2B915C5C8B1003E26AB /* test app */,
			);
			name = Products;
			sourceTree = "<group>";
		};
		5733F2BC15C5C8B1003E26AB /* Frameworks */ = {
			isa = PBXGroup;
			children = (
				5733F2BD15C5C8B1003E26AB /* Foundation.framework */,
			);
			name = Frameworks;
			sourceTree = "<group>";
		};
		5733F2BF15C5C8B1003E26AB /* test app */ = {
			isa = PBXGroup;
			children = (
				5733F2C015C5C8B1003E26AB /* main.m */,
				5733F2C415C5C8B1003E26AB /* test_app.1 */,
				5733F2C215C5C8B1003E26AB /* Supporting Files */,
			);
			path = "test app";
			sourceTree = "<group>";
		};
		5733F2C215C5C8B1003E26AB /* Supporting Files */ = {
			isa = PBXGroup;
			children = (
				5733F2C315C5C8B1003E26AB /* test app-Prefix.pch */,
			);
			name = "Supporting Files";
			sourceTree = "<group>";
		};
/* End PBXGroup section */

/* Begin PBXNativeTarget section */
		5733F2B815C5C8B0003E26AB /* test app */ = {
			isa = PBXNativeTarget;
			buildConfigurationList = 5733F2C815C5C8B1003E26AB /* Build configuration list for PBXNativeTarget "test app" */;
			buildPhases = (
				5733F2B515C5C8B0003E26AB /* Sources */,
				5733F2B615C5C8B0003E26AB /* Frameworks */,
				5733F2B715C5C8B0003E26AB /* CopyFiles */,
			);
			buildRules = (
			);
			dependencies = (
			);
			name = "test app";
			productName = "test app";
			productReference = 5733F2B915C5C8B1003E26AB /* test app */;
			productType = "com.apple.product-type.tool";
		};
/* End PBXNativeTarget section */

/* Begin PBXProject section */
		5733F2B015C5C8B0003E26AB /* Project object */ = {
			isa = PBXProject;
			attributes = {
				LastUpgradeCheck = 0440;
				ORGANIZATIONNAME = "Marek Kosinski";
			};
			buildConfigurationList = 5733F2B315C5C8B0003E26AB /* Build configuration list for PBXProject "test app" */;
			compatibilityVersion = "Xcode 3.2";
			developmentRegion = English;
			hasScannedForEncodings = 0;
			knownRegions = (
				en,
			);
			mainGroup = 5733F2AE15C5C8B0003E26AB;
			productRefGroup = 5733F2BA15C5C8B1003E26AB /* Products */;
			projectDirPath = "";
			projectRoot = "";
			targets = (
				5733F2B815C5C8B0003E26AB /* test app */,
			);
		};
/* End PBXProject section */

/* Begin PBXSourcesBuildPhase section */
		5733F2B515C5C8B0003E26AB /* Sources */ = {
			isa = PBXSourcesBuildPhase;
			buildActionMask = 2147483647;
			files = (
				5733F2C115C5C8B1003E26AB /* main.m in Sources */,
			);
			runOnlyForDeploymentPostprocessing = 0;
		};
/* End PBXSourcesBuildPhase section */

/* Begin XCBuildConfiguration section */
		5733F2C615C5C8B1003E26AB /* Debug */ = {
			isa = XCBuildConfiguration;
			buildSettings = {
				ALWAYS_SEARCH_USER_PATHS = NO;
				ARCHS = "$(ARCHS_STANDARD_64_BIT)";
				CLANG_CXX_LANGUAGE_STANDARD = "gnu++0x";
				CLANG_ENABLE_OBJC_ARC = YES;
				CLANG_WARN__DUPLICATE_METHOD_MATCH = YES;
				COPY_PHASE_STRIP = NO;
				GCC_C_LANGUAGE_STANDARD = gnu99;
				GCC_DYNAMIC_NO_PIC = NO;
				GCC_ENABLE_OBJC_EXCEPTIONS = YES;
				GCC_OPTIMIZATION_LEVEL = 0;
				GCC_PREPROCESSOR_DEFINITIONS = (
					"DEBUG=1",
					"$(inherited)",
				);
				GCC_SYMBOLS_PRIVATE_EXTERN = NO;
				GCC_WARN_64_TO_32_BIT_CONVERSION = YES;
				GCC_WARN_ABOUT_RETURN_TYPE = YES;
				GCC_WARN_UNINITIALIZED_AUTOS = YES;
				GCC_WARN_UNUSED_VARIABLE = YES;
				MACOSX_DEPLOYMENT_TARGET = 10.8;
				ONLY_ACTIVE_ARCH = YES;
				SDKROOT = macosx;
			};
			name = Debug;
		};
		5733F2C715C5C8B1003E26AB /* Release */ = {
			isa = XCBuildConfiguration;
			buildSettings = {
				ALWAYS_SEARCH_USER_PATHS = NO;
				ARCHS = "$(ARCHS_STANDARD_64_BIT)";
				CLANG_CXX_LANGUAGE_STANDARD = "gnu++0x";
				CLANG_ENABLE_OBJC_ARC = YES;
				CLANG_WARN__DUPLICATE_METHOD_MATCH = YES;
				COPY_PHASE_STRIP = YES;
				DEBUG_INFORMATION_FORMAT = "dwarf-with-dsym";
				GCC_C_LANGUAGE_STANDARD = gnu99;
				GCC_ENABLE_OBJC_EXCEPTIONS = YES;
				GCC_WARN_64_TO_32_BIT_CONVERSION = YES;
				GCC_WARN_ABOUT_RETURN_TYPE = YES;
				GCC_WARN_UNINITIALIZED_AUTOS = YES;
				GCC_WARN_UNUSED_VARIABLE = YES;
				MACOSX_DEPLOYMENT_TARGET = 10.8;
				SDKROOT = macosx;
			};
			name = Release;
		};
		5733F2C915C5C8B1003E26AB /* Debug */ = {
			isa = XCBuildConfiguration;
			buildSettings = {
				GCC_PRECOMPILE_PREFIX_HEADER = YES;
				GCC_PREFIX_HEADER = "test app/test app-Prefix.pch";
				PRODUCT_NAME = "$(TARGET_NAME)";
			};
			name = Debug;
		};
		5733F2CA15C5C8B1003E26AB /* Release */ = {
			isa = XCBuildConfiguration;
			buildSettings = {
				GCC_PRECOMPILE_PREFIX_HEADER = YES;
				GCC_PREFIX_HEADER = "test app/test app-Prefix.pch";
				PRODUCT_NAME = "$(TARGET_NAME)";
			};
			name = Release;
		};
/* End XCBuildConfiguration section */

/* Begin XCConfigurationList section */
		5733F2B315C5C8B0003E26AB /* Build configuration list for PBXProject "test app" */ = {
			isa = XCConfigurationList;
			buildConfigurations = (
				5733F2C615C5C8B1003E26AB /* Debug */,
				5733F2C715C5C8B1003E26AB /* Release */,
			);
			defaultConfigurationIsVisible = 0;
			defaultConfigurationName = Release;
		};
		5733F2C815C5C8B1003E26AB /* Build configuration list for PBXNativeTarget "test app" */ = {
			isa = XCConfigurationList;
			buildConfigurations = (
				5733F2C915C5C8B1003E26AB /* Debug */,
				5733F2CA15C5C8B1003E26AB /* Release */,
			);
			defaultConfigurationIsVisible = 0;
		};
/* End XCConfigurationList section */
	};
	rootObject = 5733F2B015C5C8B0003E26AB /* Project object */;
}
